
Microsoft Visual Studio Solution File, Format Version 12.00
# Visual Studio Version 16
VisualStudioVersion = 16.0.30907.101
MinimumVisualStudioVersion = 10.0.40219.1
Project("{FAE04EC0-301F-11D3-BF4B-00C04F79EFBC}") = "TetrisGUI", "TetrisGUI\TetrisGUI.csproj", "{89248E32-FE32-4F9E-8E16-5CC65FAE3691}"
EndProject
Global
	GlobalSection(SolutionConfigurationPlatforms) = preSolution
		Debug|Any CPU = Debug|Any CPU
		Release|Any CPU = Release|Any CPU
	EndGlobalSection
	GlobalSection(ProjectConfigurationPlatforms) = postSolution
		{89248E32-FE32-4F9E-8E16-5CC65FAE3691}.Debug|Any CPU.ActiveCfg = Debug|Any CPU
		{89248E32-FE32-4F9E-8E16-5CC65FAE3691}.Debug|Any CPU.Build.0 = Debug|Any CPU
		{89248E32-FE32-4F9E-8E16-5CC65FAE3691}.Release|Any CPU.ActiveCfg = Release|Any CPU
		{89248E32-FE32-4F9E-8E16-5CC65FAE3691}.Release|Any CPU.Build.0 = Release|Any CPU
	EndGlobalSection
	GlobalSection(SolutionProperties) = preSolution
		HideSolutionNode = FALSE
	EndGlobalSection
	GlobalSection(ExtensibilityGlobals) = postSolution
		SolutionGuid = {E176323A-D10B-4802-9834-F4FFABD81B8E}
	EndGlobalSection
EndGlobal
